PODS:
  - AppCenter (3.2.0):
    - AppCenter/Analytics (= 3.2.0)
    - AppCenter/Crashes (= 3.2.0)
  - AppCenter/Analytics (3.2.0):
    - AppCenter/Core
  - AppCenter/Core (3.2.0)
  - AppCenter/Crashes (3.2.0):
    - AppCenter/Core
  - Audiobus (3.0.11)
  - AudioKit (4.10):
    - AudioKit/Core (= 4.10)
    - AudioKit/UI (= 4.10)
  - AudioKit/Core (4.10)
  - AudioKit/UI (4.10):
    - AudioKit/Core
  - Disk (0.6.4)
  - OneSignal (2.14.0)

DEPENDENCIES:
  - AppCenter
  - Audiobus
  - AudioKit
  - Disk
  - OneSignal (< 3.0, >= 2.6.2)

SPEC REPOS:
  https://github.com/CocoaPods/Specs.git:
    - AppCenter
    - Audiobus
    - AudioKit
    - Disk
    - OneSignal

SPEC CHECKSUMS:
  AppCenter: ca66175050d538b157959382dd43f1ab96cdab84
  Audiobus: d09e32d16ea2da221e9d24d17b9cf37d08183cf9
  AudioKit: 37d31154cf4708146964f8eee757b1af732bd15e
  Disk: dcee5c2e98fb72f9a924cde8da8435b08244a80e
  OneSignal: 9fa88f227d9b0c1dd36e334b6cd4c222338a88b2

PODFILE CHECKSUM: 6e7544537a17bfd9615b8f85594632d133b13d08

COCOAPODS: 1.9.1
